
Microsoft Visual Studio Solution File, Format Version 12.00
# Visual Studio 15
VisualStudioVersion = 15.0.27004.2008
MinimumVisualStudioVersion = 10.0.40219.1
Project("{FAE04EC0-301F-11D3-BF4B-00C04F79EFBC}") = "DependencyAnalysis", "DependencyAnalysis\DependencyAnalysis.csproj", "{3A90D07A-6FAA-42BC-A010-6E3F139D8B10}"
EndProject
Project("{F2A71F9B-5D33-465A-A702-920D77279786}") = "DependencyAnalysis.Fs", "DependencyAnalysis.Fs\DependencyAnalysis.Fs.fsproj", "{DF00B4AA-F719-428B-8DCE-497E5DAD650C}"
EndProject
Global
	GlobalSection(SolutionConfigurationPlatforms) = preSolution
		Debug|Any CPU = Debug|Any CPU
		Release|Any CPU = Release|Any CPU
	EndGlobalSection
	GlobalSection(ProjectConfigurationPlatforms) = postSolution
		{3A90D07A-6FAA-42BC-A010-6E3F139D8B10}.Debug|Any CPU.ActiveCfg = Debug|Any CPU
		{3A90D07A-6FAA-42BC-A010-6E3F139D8B10}.Debug|Any CPU.Build.0 = Debug|Any CPU
		{3A90D07A-6FAA-42BC-A010-6E3F139D8B10}.Release|Any CPU.ActiveCfg = Release|Any CPU
		{3A90D07A-6FAA-42BC-A010-6E3F139D8B10}.Release|Any CPU.Build.0 = Release|Any CPU
		{DF00B4AA-F719-428B-8DCE-497E5DAD650C}.Debug|Any CPU.ActiveCfg = Debug|Any CPU
		{DF00B4AA-F719-428B-8DCE-497E5DAD650C}.Debug|Any CPU.Build.0 = Debug|Any CPU
		{DF00B4AA-F719-428B-8DCE-497E5DAD650C}.Release|Any CPU.ActiveCfg = Release|Any CPU
		{DF00B4AA-F719-428B-8DCE-497E5DAD650C}.Release|Any CPU.Build.0 = Release|Any CPU
	EndGlobalSection
	GlobalSection(SolutionProperties) = preSolution
		HideSolutionNode = FALSE
	EndGlobalSection
	GlobalSection(ExtensibilityGlobals) = postSolution
		SolutionGuid = {D147B386-77CD-4D47-8778-F454F06A5738}
	EndGlobalSection
EndGlobal
